
Microsoft Visual Studio Solution File, Format Version 12.00
# Visual Studio 15
VisualStudioVersion = 15.0.26403.3
MinimumVisualStudioVersion = 10.0.40219.1
Project("{FAE04EC0-301F-11D3-BF4B-00C04F79EFBC}") = "SimpleTest.Core", "SimpleTest.Core\SimpleTest.Core.csproj", "{67F9D3A8-F71E-4428-913F-C37AE82CDB24}"
EndProject
Project("{FAE04EC0-301F-11D3-BF4B-00C04F79EFBC}") = "SimpleTest.Droid", "SimpleTest.Droid\SimpleTest.Droid.csproj", "{B603222F-A43E-409C-84B9-FB69795D601D}"
EndProject
Project("{FAE04EC0-301F-11D3-BF4B-00C04F79EFBC}") = "SimpleTest.UWP", "SimpleTest.UWP\SimpleTest.UWP.csproj", "{96A765C4-4025-4CD9-B1DC-1194C54CD29D}"
EndProject
Global
	GlobalSection(SolutionConfigurationPlatforms) = preSolution
		Debug|Any CPU = Debug|Any CPU
		Debug|ARM = Debug|ARM
		Debug|x64 = Debug|x64
		Debug|x86 = Debug|x86
		Release|Any CPU = Release|Any CPU
		Release|ARM = Release|ARM
		Release|x64 = Release|x64
		Release|x86 = Release|x86
	EndGlobalSection
	GlobalSection(ProjectConfigurationPlatforms) = postSolution
		{67F9D3A8-F71E-4428-913F-C37AE82CDB24}.Debug|Any CPU.ActiveCfg = Debug|Any CPU
		{67F9D3A8-F71E-4428-913F-C37AE82CDB24}.Debug|Any CPU.Build.0 = Debug|Any CPU
		{67F9D3A8-F71E-4428-913F-C37AE82CDB24}.Debug|ARM.ActiveCfg = Debug|Any CPU
		{67F9D3A8-F71E-4428-913F-C37AE82CDB24}.Debug|ARM.Build.0 = Debug|Any CPU
		{67F9D3A8-F71E-4428-913F-C37AE82CDB24}.Debug|x64.ActiveCfg = Debug|Any CPU
		{67F9D3A8-F71E-4428-913F-C37AE82CDB24}.Debug|x64.Build.0 = Debug|Any CPU
		{67F9D3A8-F71E-4428-913F-C37AE82CDB24}.Debug|x86.ActiveCfg = Debug|Any CPU
		{67F9D3A8-F71E-4428-913F-C37AE82CDB24}.Debug|x86.Build.0 = Debug|Any CPU
		{67F9D3A8-F71E-4428-913F-C37AE82CDB24}.Release|Any CPU.ActiveCfg = Release|Any CPU
		{67F9D3A8-F71E-4428-913F-C37AE82CDB24}.Release|Any CPU.Build.0 = Release|Any CPU
		{67F9D3A8-F71E-4428-913F-C37AE82CDB24}.Release|ARM.ActiveCfg = Release|Any CPU
		{67F9D3A8-F71E-4428-913F-C37AE82CDB24}.Release|ARM.Build.0 = Release|Any CPU
		{67F9D3A8-F71E-4428-913F-C37AE82CDB24}.Release|x64.ActiveCfg = Release|Any CPU
		{67F9D3A8-F71E-4428-913F-C37AE82CDB24}.Release|x64.Build.0 = Release|Any CPU
		{67F9D3A8-F71E-4428-913F-C37AE82CDB24}.Release|x86.ActiveCfg = Release|Any CPU
		{67F9D3A8-F71E-4428-913F-C37AE82CDB24}.Release|x86.Build.0 = Release|Any CPU
		{B603222F-A43E-409C-84B9-FB69795D601D}.Debug|Any CPU.ActiveCfg = Debug|Any CPU
		{B603222F-A43E-409C-84B9-FB69795D601D}.Debug|Any CPU.Build.0 = Debug|Any CPU
		{B603222F-A43E-409C-84B9-FB69795D601D}.Debug|Any CPU.Deploy.0 = Debug|Any CPU
		{B603222F-A43E-409C-84B9-FB69795D601D}.Debug|ARM.ActiveCfg = Debug|Any CPU
		{B603222F-A43E-409C-84B9-FB69795D601D}.Debug|ARM.Build.0 = Debug|Any CPU
		{B603222F-A43E-409C-84B9-FB69795D601D}.Debug|ARM.Deploy.0 = Debug|Any CPU
		{B603222F-A43E-409C-84B9-FB69795D601D}.Debug|x64.ActiveCfg = Debug|Any CPU
		{B603222F-A43E-409C-84B9-FB69795D601D}.Debug|x64.Build.0 = Debug|Any CPU
		{B603222F-A43E-409C-84B9-FB69795D601D}.Debug|x64.Deploy.0 = Debug|Any CPU
		{B603222F-A43E-409C-84B9-FB69795D601D}.Debug|x86.ActiveCfg = Debug|Any CPU
		{B603222F-A43E-409C-84B9-FB69795D601D}.Debug|x86.Build.0 = Debug|Any CPU
		{B603222F-A43E-409C-84B9-FB69795D601D}.Debug|x86.Deploy.0 = Debug|Any CPU
		{B603222F-A43E-409C-84B9-FB69795D601D}.Release|Any CPU.ActiveCfg = Release|Any CPU
		{B603222F-A43E-409C-84B9-FB69795D601D}.Release|Any CPU.Build.0 = Release|Any CPU
		{B603222F-A43E-409C-84B9-FB69795D601D}.Release|Any CPU.Deploy.0 = Release|Any CPU
		{B603222F-A43E-409C-84B9-FB69795D601D}.Release|ARM.ActiveCfg = Release|Any CPU
		{B603222F-A43E-409C-84B9-FB69795D601D}.Release|ARM.Build.0 = Release|Any CPU
		{B603222F-A43E-409C-84B9-FB69795D601D}.Release|ARM.Deploy.0 = Release|Any CPU
		{B603222F-A43E-409C-84B9-FB69795D601D}.Release|x64.ActiveCfg = Release|Any CPU
		{B603222F-A43E-409C-84B9-FB69795D601D}.Release|x64.Build.0 = Release|Any CPU
		{B603222F-A43E-409C-84B9-FB69795D601D}.Release|x64.Deploy.0 = Release|Any CPU
		{B603222F-A43E-409C-84B9-FB69795D601D}.Release|x86.ActiveCfg = Release|Any CPU
		{B603222F-A43E-409C-84B9-FB69795D601D}.Release|x86.Build.0 = Release|Any CPU
		{B603222F-A43E-409C-84B9-FB69795D601D}.Release|x86.Deploy.0 = Release|Any CPU
		{96A765C4-4025-4CD9-B1DC-1194C54CD29D}.Debug|Any CPU.ActiveCfg = Debug|x86
		{96A765C4-4025-4CD9-B1DC-1194C54CD29D}.Debug|ARM.ActiveCfg = Debug|ARM
		{96A765C4-4025-4CD9-B1DC-1194C54CD29D}.Debug|ARM.Build.0 = Debug|ARM
		{96A765C4-4025-4CD9-B1DC-1194C54CD29D}.Debug|ARM.Deploy.0 = Debug|ARM
		{96A765C4-4025-4CD9-B1DC-1194C54CD29D}.Debug|x64.ActiveCfg = Debug|x64
		{96A765C4-4025-4CD9-B1DC-1194C54CD29D}.Debug|x64.Build.0 = Debug|x64
		{96A765C4-4025-4CD9-B1DC-1194C54CD29D}.Debug|x64.Deploy.0 = Debug|x64
		{96A765C4-4025-4CD9-B1DC-1194C54CD29D}.Debug|x86.ActiveCfg = Debug|x86
		{96A765C4-4025-4CD9-B1DC-1194C54CD29D}.Debug|x86.Build.0 = Debug|x86
		{96A765C4-4025-4CD9-B1DC-1194C54CD29D}.Debug|x86.Deploy.0 = Debug|x86
		{96A765C4-4025-4CD9-B1DC-1194C54CD29D}.Release|Any CPU.ActiveCfg = Release|x86
		{96A765C4-4025-4CD9-B1DC-1194C54CD29D}.Release|ARM.ActiveCfg = Release|ARM
		{96A765C4-4025-4CD9-B1DC-1194C54CD29D}.Release|ARM.Build.0 = Release|ARM
		{96A765C4-4025-4CD9-B1DC-1194C54CD29D}.Release|ARM.Deploy.0 = Release|ARM
		{96A765C4-4025-4CD9-B1DC-1194C54CD29D}.Release|x64.ActiveCfg = Release|x64
		{96A765C4-4025-4CD9-B1DC-1194C54CD29D}.Release|x64.Build.0 = Release|x64
		{96A765C4-4025-4CD9-B1DC-1194C54CD29D}.Release|x64.Deploy.0 = Release|x64
		{96A765C4-4025-4CD9-B1DC-1194C54CD29D}.Release|x86.ActiveCfg = Release|x86
		{96A765C4-4025-4CD9-B1DC-1194C54CD29D}.Release|x86.Build.0 = Release|x86
		{96A765C4-4025-4CD9-B1DC-1194C54CD29D}.Release|x86.Deploy.0 = Release|x86
	EndGlobalSection
	GlobalSection(SolutionProperties) = preSolution
		HideSolutionNode = FALSE
	EndGlobalSection
EndGlobal
