
Microsoft Visual Studio Solution File, Format Version 12.00
# Visual Studio 15
VisualStudioVersion = 15.0.26430.6
MinimumVisualStudioVersion = 10.0.40219.1
Project("{FAE04EC0-301F-11D3-BF4B-00C04F79EFBC}") = "Caculator.Droid", "Caculator\Caculator.Droid\Caculator.Droid.csproj", "{43670663-197B-4C27-ABD9-A986F83AD7C5}"
EndProject
Project("{FAE04EC0-301F-11D3-BF4B-00C04F79EFBC}") = "Caculator.Core", "Caculator\Caculator.Core\Caculator.Core.csproj", "{7B45910A-8EE3-4998-8BBE-AF1E978E4D66}"
EndProject
Project("{FAE04EC0-301F-11D3-BF4B-00C04F79EFBC}") = "Caculator.iOS", "Caculator\Caculator.iOS\Caculator.iOS.csproj", "{3DD85831-9E27-408A-BEA9-CA7443F89696}"
EndProject
Project("{FAE04EC0-301F-11D3-BF4B-00C04F79EFBC}") = "Caculator.UWP", "Caculator\Caculator.UWP\Caculator.UWP.csproj", "{2E21FC39-6005-4261-9ABD-BFA18A576C3B}"
EndProject
Project("{FAE04EC0-301F-11D3-BF4B-00C04F79EFBC}") = "Caculator.WPF", "Caculator\Caculator.WPF\Caculator.WPF.csproj", "{A98EAC90-C146-4281-9A94-A4F9849E519F}"
EndProject
Global
	GlobalSection(SolutionConfigurationPlatforms) = preSolution
		Ad-Hoc|Any CPU = Ad-Hoc|Any CPU
		Ad-Hoc|ARM = Ad-Hoc|ARM
		Ad-Hoc|iPhone = Ad-Hoc|iPhone
		Ad-Hoc|iPhoneSimulator = Ad-Hoc|iPhoneSimulator
		Ad-Hoc|x64 = Ad-Hoc|x64
		Ad-Hoc|x86 = Ad-Hoc|x86
		AppStore|Any CPU = AppStore|Any CPU
		AppStore|ARM = AppStore|ARM
		AppStore|iPhone = AppStore|iPhone
		AppStore|iPhoneSimulator = AppStore|iPhoneSimulator
		AppStore|x64 = AppStore|x64
		AppStore|x86 = AppStore|x86
		Debug|Any CPU = Debug|Any CPU
		Debug|ARM = Debug|ARM
		Debug|iPhone = Debug|iPhone
		Debug|iPhoneSimulator = Debug|iPhoneSimulator
		Debug|x64 = Debug|x64
		Debug|x86 = Debug|x86
		Release|Any CPU = Release|Any CPU
		Release|ARM = Release|ARM
		Release|iPhone = Release|iPhone
		Release|iPhoneSimulator = Release|iPhoneSimulator
		Release|x64 = Release|x64
		Release|x86 = Release|x86
	EndGlobalSection
	GlobalSection(ProjectConfigurationPlatforms) = postSolution
		{43670663-197B-4C27-ABD9-A986F83AD7C5}.Ad-Hoc|Any CPU.ActiveCfg = Release|Any CPU
		{43670663-197B-4C27-ABD9-A986F83AD7C5}.Ad-Hoc|Any CPU.Build.0 = Release|Any CPU
		{43670663-197B-4C27-ABD9-A986F83AD7C5}.Ad-Hoc|Any CPU.Deploy.0 = Release|Any CPU
		{43670663-197B-4C27-ABD9-A986F83AD7C5}.Ad-Hoc|ARM.ActiveCfg = Release|Any CPU
		{43670663-197B-4C27-ABD9-A986F83AD7C5}.Ad-Hoc|ARM.Build.0 = Release|Any CPU
		{43670663-197B-4C27-ABD9-A986F83AD7C5}.Ad-Hoc|ARM.Deploy.0 = Release|Any CPU
		{43670663-197B-4C27-ABD9-A986F83AD7C5}.Ad-Hoc|iPhone.ActiveCfg = Release|Any CPU
		{43670663-197B-4C27-ABD9-A986F83AD7C5}.Ad-Hoc|iPhone.Build.0 = Release|Any CPU
		{43670663-197B-4C27-ABD9-A986F83AD7C5}.Ad-Hoc|iPhone.Deploy.0 = Release|Any CPU
		{43670663-197B-4C27-ABD9-A986F83AD7C5}.Ad-Hoc|iPhoneSimulator.ActiveCfg = Release|Any CPU
		{43670663-197B-4C27-ABD9-A986F83AD7C5}.Ad-Hoc|iPhoneSimulator.Build.0 = Release|Any CPU
		{43670663-197B-4C27-ABD9-A986F83AD7C5}.Ad-Hoc|iPhoneSimulator.Deploy.0 = Release|Any CPU
		{43670663-197B-4C27-ABD9-A986F83AD7C5}.Ad-Hoc|x64.ActiveCfg = Release|Any CPU
		{43670663-197B-4C27-ABD9-A986F83AD7C5}.Ad-Hoc|x64.Build.0 = Release|Any CPU
		{43670663-197B-4C27-ABD9-A986F83AD7C5}.Ad-Hoc|x64.Deploy.0 = Release|Any CPU
		{43670663-197B-4C27-ABD9-A986F83AD7C5}.Ad-Hoc|x86.ActiveCfg = Release|Any CPU
		{43670663-197B-4C27-ABD9-A986F83AD7C5}.Ad-Hoc|x86.Build.0 = Release|Any CPU
		{43670663-197B-4C27-ABD9-A986F83AD7C5}.Ad-Hoc|x86.Deploy.0 = Release|Any CPU
		{43670663-197B-4C27-ABD9-A986F83AD7C5}.AppStore|Any CPU.ActiveCfg = Release|Any CPU
		{43670663-197B-4C27-ABD9-A986F83AD7C5}.AppStore|Any CPU.Build.0 = Release|Any CPU
		{43670663-197B-4C27-ABD9-A986F83AD7C5}.AppStore|Any CPU.Deploy.0 = Release|Any CPU
		{43670663-197B-4C27-ABD9-A986F83AD7C5}.AppStore|ARM.ActiveCfg = Release|Any CPU
		{43670663-197B-4C27-ABD9-A986F83AD7C5}.AppStore|ARM.Build.0 = Release|Any CPU
		{43670663-197B-4C27-ABD9-A986F83AD7C5}.AppStore|ARM.Deploy.0 = Release|Any CPU
		{43670663-197B-4C27-ABD9-A986F83AD7C5}.AppStore|iPhone.ActiveCfg = Release|Any CPU
		{43670663-197B-4C27-ABD9-A986F83AD7C5}.AppStore|iPhone.Build.0 = Release|Any CPU
		{43670663-197B-4C27-ABD9-A986F83AD7C5}.AppStore|iPhone.Deploy.0 = Release|Any CPU
		{43670663-197B-4C27-ABD9-A986F83AD7C5}.AppStore|iPhoneSimulator.ActiveCfg = Release|Any CPU
		{43670663-197B-4C27-ABD9-A986F83AD7C5}.AppStore|iPhoneSimulator.Build.0 = Release|Any CPU
		{43670663-197B-4C27-ABD9-A986F83AD7C5}.AppStore|iPhoneSimulator.Deploy.0 = Release|Any CPU
		{43670663-197B-4C27-ABD9-A986F83AD7C5}.AppStore|x64.ActiveCfg = Release|Any CPU
		{43670663-197B-4C27-ABD9-A986F83AD7C5}.AppStore|x64.Build.0 = Release|Any CPU
		{43670663-197B-4C27-ABD9-A986F83AD7C5}.AppStore|x64.Deploy.0 = Release|Any CPU
		{43670663-197B-4C27-ABD9-A986F83AD7C5}.AppStore|x86.ActiveCfg = Release|Any CPU
		{43670663-197B-4C27-ABD9-A986F83AD7C5}.AppStore|x86.Build.0 = Release|Any CPU
		{43670663-197B-4C27-ABD9-A986F83AD7C5}.AppStore|x86.Deploy.0 = Release|Any CPU
		{43670663-197B-4C27-ABD9-A986F83AD7C5}.Debug|Any CPU.ActiveCfg = Debug|Any CPU
		{43670663-197B-4C27-ABD9-A986F83AD7C5}.Debug|Any CPU.Build.0 = Debug|Any CPU
		{43670663-197B-4C27-ABD9-A986F83AD7C5}.Debug|Any CPU.Deploy.0 = Debug|Any CPU
		{43670663-197B-4C27-ABD9-A986F83AD7C5}.Debug|ARM.ActiveCfg = Debug|Any CPU
		{43670663-197B-4C27-ABD9-A986F83AD7C5}.Debug|ARM.Build.0 = Debug|Any CPU
		{43670663-197B-4C27-ABD9-A986F83AD7C5}.Debug|ARM.Deploy.0 = Debug|Any CPU
		{43670663-197B-4C27-ABD9-A986F83AD7C5}.Debug|iPhone.ActiveCfg = Debug|Any CPU
		{43670663-197B-4C27-ABD9-A986F83AD7C5}.Debug|iPhone.Build.0 = Debug|Any CPU
		{43670663-197B-4C27-ABD9-A986F83AD7C5}.Debug|iPhone.Deploy.0 = Debug|Any CPU
		{43670663-197B-4C27-ABD9-A986F83AD7C5}.Debug|iPhoneSimulator.ActiveCfg = Debug|Any CPU
		{43670663-197B-4C27-ABD9-A986F83AD7C5}.Debug|iPhoneSimulator.Build.0 = Debug|Any CPU
		{43670663-197B-4C27-ABD9-A986F83AD7C5}.Debug|iPhoneSimulator.Deploy.0 = Debug|Any CPU
		{43670663-197B-4C27-ABD9-A986F83AD7C5}.Debug|x64.ActiveCfg = Debug|Any CPU
		{43670663-197B-4C27-ABD9-A986F83AD7C5}.Debug|x64.Build.0 = Debug|Any CPU
		{43670663-197B-4C27-ABD9-A986F83AD7C5}.Debug|x64.Deploy.0 = Debug|Any CPU
		{43670663-197B-4C27-ABD9-A986F83AD7C5}.Debug|x86.ActiveCfg = Debug|Any CPU
		{43670663-197B-4C27-ABD9-A986F83AD7C5}.Debug|x86.Build.0 = Debug|Any CPU
		{43670663-197B-4C27-ABD9-A986F83AD7C5}.Debug|x86.Deploy.0 = Debug|Any CPU
		{43670663-197B-4C27-ABD9-A986F83AD7C5}.Release|Any CPU.ActiveCfg = Release|Any CPU
		{43670663-197B-4C27-ABD9-A986F83AD7C5}.Release|Any CPU.Build.0 = Release|Any CPU
		{43670663-197B-4C27-ABD9-A986F83AD7C5}.Release|Any CPU.Deploy.0 = Release|Any CPU
		{43670663-197B-4C27-ABD9-A986F83AD7C5}.Release|ARM.ActiveCfg = Release|Any CPU
		{43670663-197B-4C27-ABD9-A986F83AD7C5}.Release|ARM.Build.0 = Release|Any CPU
		{43670663-197B-4C27-ABD9-A986F83AD7C5}.Release|ARM.Deploy.0 = Release|Any CPU
		{43670663-197B-4C27-ABD9-A986F83AD7C5}.Release|iPhone.ActiveCfg = Release|Any CPU
		{43670663-197B-4C27-ABD9-A986F83AD7C5}.Release|iPhone.Build.0 = Release|Any CPU
		{43670663-197B-4C27-ABD9-A986F83AD7C5}.Release|iPhone.Deploy.0 = Release|Any CPU
		{43670663-197B-4C27-ABD9-A986F83AD7C5}.Release|iPhoneSimulator.ActiveCfg = Release|Any CPU
		{43670663-197B-4C27-ABD9-A986F83AD7C5}.Release|iPhoneSimulator.Build.0 = Release|Any CPU
		{43670663-197B-4C27-ABD9-A986F83AD7C5}.Release|iPhoneSimulator.Deploy.0 = Release|Any CPU
		{43670663-197B-4C27-ABD9-A986F83AD7C5}.Release|x64.ActiveCfg = Release|Any CPU
		{43670663-197B-4C27-ABD9-A986F83AD7C5}.Release|x64.Build.0 = Release|Any CPU
		{43670663-197B-4C27-ABD9-A986F83AD7C5}.Release|x64.Deploy.0 = Release|Any CPU
		{43670663-197B-4C27-ABD9-A986F83AD7C5}.Release|x86.ActiveCfg = Release|Any CPU
		{43670663-197B-4C27-ABD9-A986F83AD7C5}.Release|x86.Build.0 = Release|Any CPU
		{43670663-197B-4C27-ABD9-A986F83AD7C5}.Release|x86.Deploy.0 = Release|Any CPU
		{7B45910A-8EE3-4998-8BBE-AF1E978E4D66}.Ad-Hoc|Any CPU.ActiveCfg = Release|Any CPU
		{7B45910A-8EE3-4998-8BBE-AF1E978E4D66}.Ad-Hoc|Any CPU.Build.0 = Release|Any CPU
		{7B45910A-8EE3-4998-8BBE-AF1E978E4D66}.Ad-Hoc|ARM.ActiveCfg = Release|Any CPU
		{7B45910A-8EE3-4998-8BBE-AF1E978E4D66}.Ad-Hoc|ARM.Build.0 = Release|Any CPU
		{7B45910A-8EE3-4998-8BBE-AF1E978E4D66}.Ad-Hoc|iPhone.ActiveCfg = Release|Any CPU
		{7B45910A-8EE3-4998-8BBE-AF1E978E4D66}.Ad-Hoc|iPhone.Build.0 = Release|Any CPU
		{7B45910A-8EE3-4998-8BBE-AF1E978E4D66}.Ad-Hoc|iPhoneSimulator.ActiveCfg = Release|Any CPU
		{7B45910A-8EE3-4998-8BBE-AF1E978E4D66}.Ad-Hoc|iPhoneSimulator.Build.0 = Release|Any CPU
		{7B45910A-8EE3-4998-8BBE-AF1E978E4D66}.Ad-Hoc|x64.ActiveCfg = Release|Any CPU
		{7B45910A-8EE3-4998-8BBE-AF1E978E4D66}.Ad-Hoc|x64.Build.0 = Release|Any CPU
		{7B45910A-8EE3-4998-8BBE-AF1E978E4D66}.Ad-Hoc|x86.ActiveCfg = Release|Any CPU
		{7B45910A-8EE3-4998-8BBE-AF1E978E4D66}.Ad-Hoc|x86.Build.0 = Release|Any CPU
		{7B45910A-8EE3-4998-8BBE-AF1E978E4D66}.AppStore|Any CPU.ActiveCfg = Release|Any CPU
		{7B45910A-8EE3-4998-8BBE-AF1E978E4D66}.AppStore|Any CPU.Build.0 = Release|Any CPU
		{7B45910A-8EE3-4998-8BBE-AF1E978E4D66}.AppStore|ARM.ActiveCfg = Release|Any CPU
		{7B45910A-8EE3-4998-8BBE-AF1E978E4D66}.AppStore|ARM.Build.0 = Release|Any CPU
		{7B45910A-8EE3-4998-8BBE-AF1E978E4D66}.AppStore|iPhone.ActiveCfg = Release|Any CPU
		{7B45910A-8EE3-4998-8BBE-AF1E978E4D66}.AppStore|iPhone.Build.0 = Release|Any CPU
		{7B45910A-8EE3-4998-8BBE-AF1E978E4D66}.AppStore|iPhoneSimulator.ActiveCfg = Release|Any CPU
		{7B45910A-8EE3-4998-8BBE-AF1E978E4D66}.AppStore|iPhoneSimulator.Build.0 = Release|Any CPU
		{7B45910A-8EE3-4998-8BBE-AF1E978E4D66}.AppStore|x64.ActiveCfg = Release|Any CPU
		{7B45910A-8EE3-4998-8BBE-AF1E978E4D66}.AppStore|x64.Build.0 = Release|Any CPU
		{7B45910A-8EE3-4998-8BBE-AF1E978E4D66}.AppStore|x86.ActiveCfg = Release|Any CPU
		{7B45910A-8EE3-4998-8BBE-AF1E978E4D66}.AppStore|x86.Build.0 = Release|Any CPU
		{7B45910A-8EE3-4998-8BBE-AF1E978E4D66}.Debug|Any CPU.ActiveCfg = Debug|Any CPU
		{7B45910A-8EE3-4998-8BBE-AF1E978E4D66}.Debug|Any CPU.Build.0 = Debug|Any CPU
		{7B45910A-8EE3-4998-8BBE-AF1E978E4D66}.Debug|ARM.ActiveCfg = Debug|Any CPU
		{7B45910A-8EE3-4998-8BBE-AF1E978E4D66}.Debug|ARM.Build.0 = Debug|Any CPU
		{7B45910A-8EE3-4998-8BBE-AF1E978E4D66}.Debug|iPhone.ActiveCfg = Debug|Any CPU
		{7B45910A-8EE3-4998-8BBE-AF1E978E4D66}.Debug|iPhone.Build.0 = Debug|Any CPU
		{7B45910A-8EE3-4998-8BBE-AF1E978E4D66}.Debug|iPhoneSimulator.ActiveCfg = Debug|Any CPU
		{7B45910A-8EE3-4998-8BBE-AF1E978E4D66}.Debug|iPhoneSimulator.Build.0 = Debug|Any CPU
		{7B45910A-8EE3-4998-8BBE-AF1E978E4D66}.Debug|x64.ActiveCfg = Debug|Any CPU
		{7B45910A-8EE3-4998-8BBE-AF1E978E4D66}.Debug|x64.Build.0 = Debug|Any CPU
		{7B45910A-8EE3-4998-8BBE-AF1E978E4D66}.Debug|x86.ActiveCfg = Debug|Any CPU
		{7B45910A-8EE3-4998-8BBE-AF1E978E4D66}.Debug|x86.Build.0 = Debug|Any CPU
		{7B45910A-8EE3-4998-8BBE-AF1E978E4D66}.Release|Any CPU.ActiveCfg = Release|Any CPU
		{7B45910A-8EE3-4998-8BBE-AF1E978E4D66}.Release|Any CPU.Build.0 = Release|Any CPU
		{7B45910A-8EE3-4998-8BBE-AF1E978E4D66}.Release|ARM.ActiveCfg = Release|Any CPU
		{7B45910A-8EE3-4998-8BBE-AF1E978E4D66}.Release|ARM.Build.0 = Release|Any CPU
		{7B45910A-8EE3-4998-8BBE-AF1E978E4D66}.Release|iPhone.ActiveCfg = Release|Any CPU
		{7B45910A-8EE3-4998-8BBE-AF1E978E4D66}.Release|iPhone.Build.0 = Release|Any CPU
		{7B45910A-8EE3-4998-8BBE-AF1E978E4D66}.Release|iPhoneSimulator.ActiveCfg = Release|Any CPU
		{7B45910A-8EE3-4998-8BBE-AF1E978E4D66}.Release|iPhoneSimulator.Build.0 = Release|Any CPU
		{7B45910A-8EE3-4998-8BBE-AF1E978E4D66}.Release|x64.ActiveCfg = Release|Any CPU
		{7B45910A-8EE3-4998-8BBE-AF1E978E4D66}.Release|x64.Build.0 = Release|Any CPU
		{7B45910A-8EE3-4998-8BBE-AF1E978E4D66}.Release|x86.ActiveCfg = Release|Any CPU
		{7B45910A-8EE3-4998-8BBE-AF1E978E4D66}.Release|x86.Build.0 = Release|Any CPU
		{3DD85831-9E27-408A-BEA9-CA7443F89696}.Ad-Hoc|Any CPU.ActiveCfg = Ad-Hoc|iPhone
		{3DD85831-9E27-408A-BEA9-CA7443F89696}.Ad-Hoc|ARM.ActiveCfg = Ad-Hoc|iPhone
		{3DD85831-9E27-408A-BEA9-CA7443F89696}.Ad-Hoc|iPhone.ActiveCfg = Ad-Hoc|iPhone
		{3DD85831-9E27-408A-BEA9-CA7443F89696}.Ad-Hoc|iPhone.Build.0 = Ad-Hoc|iPhone
		{3DD85831-9E27-408A-BEA9-CA7443F89696}.Ad-Hoc|iPhoneSimulator.ActiveCfg = Ad-Hoc|iPhoneSimulator
		{3DD85831-9E27-408A-BEA9-CA7443F89696}.Ad-Hoc|iPhoneSimulator.Build.0 = Ad-Hoc|iPhoneSimulator
		{3DD85831-9E27-408A-BEA9-CA7443F89696}.Ad-Hoc|x64.ActiveCfg = Ad-Hoc|iPhone
		{3DD85831-9E27-408A-BEA9-CA7443F89696}.Ad-Hoc|x86.ActiveCfg = Ad-Hoc|iPhone
		{3DD85831-9E27-408A-BEA9-CA7443F89696}.AppStore|Any CPU.ActiveCfg = AppStore|iPhone
		{3DD85831-9E27-408A-BEA9-CA7443F89696}.AppStore|ARM.ActiveCfg = AppStore|iPhone
		{3DD85831-9E27-408A-BEA9-CA7443F89696}.AppStore|iPhone.ActiveCfg = AppStore|iPhone
		{3DD85831-9E27-408A-BEA9-CA7443F89696}.AppStore|iPhone.Build.0 = AppStore|iPhone
		{3DD85831-9E27-408A-BEA9-CA7443F89696}.AppStore|iPhoneSimulator.ActiveCfg = AppStore|iPhoneSimulator
		{3DD85831-9E27-408A-BEA9-CA7443F89696}.AppStore|iPhoneSimulator.Build.0 = AppStore|iPhoneSimulator
		{3DD85831-9E27-408A-BEA9-CA7443F89696}.AppStore|x64.ActiveCfg = AppStore|iPhone
		{3DD85831-9E27-408A-BEA9-CA7443F89696}.AppStore|x86.ActiveCfg = AppStore|iPhone
		{3DD85831-9E27-408A-BEA9-CA7443F89696}.Debug|Any CPU.ActiveCfg = Debug|iPhone
		{3DD85831-9E27-408A-BEA9-CA7443F89696}.Debug|ARM.ActiveCfg = Debug|iPhone
		{3DD85831-9E27-408A-BEA9-CA7443F89696}.Debug|iPhone.ActiveCfg = Debug|iPhone
		{3DD85831-9E27-408A-BEA9-CA7443F89696}.Debug|iPhone.Build.0 = Debug|iPhone
		{3DD85831-9E27-408A-BEA9-CA7443F89696}.Debug|iPhoneSimulator.ActiveCfg = Debug|iPhoneSimulator
		{3DD85831-9E27-408A-BEA9-CA7443F89696}.Debug|iPhoneSimulator.Build.0 = Debug|iPhoneSimulator
		{3DD85831-9E27-408A-BEA9-CA7443F89696}.Debug|x64.ActiveCfg = Debug|iPhone
		{3DD85831-9E27-408A-BEA9-CA7443F89696}.Debug|x86.ActiveCfg = Debug|iPhone
		{3DD85831-9E27-408A-BEA9-CA7443F89696}.Release|Any CPU.ActiveCfg = Release|iPhone
		{3DD85831-9E27-408A-BEA9-CA7443F89696}.Release|ARM.ActiveCfg = Release|iPhone
		{3DD85831-9E27-408A-BEA9-CA7443F89696}.Release|iPhone.ActiveCfg = Release|iPhone
		{3DD85831-9E27-408A-BEA9-CA7443F89696}.Release|iPhone.Build.0 = Release|iPhone
		{3DD85831-9E27-408A-BEA9-CA7443F89696}.Release|iPhoneSimulator.ActiveCfg = Release|iPhoneSimulator
		{3DD85831-9E27-408A-BEA9-CA7443F89696}.Release|iPhoneSimulator.Build.0 = Release|iPhoneSimulator
		{3DD85831-9E27-408A-BEA9-CA7443F89696}.Release|x64.ActiveCfg = Release|iPhone
		{3DD85831-9E27-408A-BEA9-CA7443F89696}.Release|x86.ActiveCfg = Release|iPhone
		{2E21FC39-6005-4261-9ABD-BFA18A576C3B}.Ad-Hoc|Any CPU.ActiveCfg = Release|x64
		{2E21FC39-6005-4261-9ABD-BFA18A576C3B}.Ad-Hoc|Any CPU.Build.0 = Release|x64
		{2E21FC39-6005-4261-9ABD-BFA18A576C3B}.Ad-Hoc|Any CPU.Deploy.0 = Release|x64
		{2E21FC39-6005-4261-9ABD-BFA18A576C3B}.Ad-Hoc|ARM.ActiveCfg = Release|ARM
		{2E21FC39-6005-4261-9ABD-BFA18A576C3B}.Ad-Hoc|ARM.Build.0 = Release|ARM
		{2E21FC39-6005-4261-9ABD-BFA18A576C3B}.Ad-Hoc|ARM.Deploy.0 = Release|ARM
		{2E21FC39-6005-4261-9ABD-BFA18A576C3B}.Ad-Hoc|iPhone.ActiveCfg = Release|x64
		{2E21FC39-6005-4261-9ABD-BFA18A576C3B}.Ad-Hoc|iPhone.Build.0 = Release|x64
		{2E21FC39-6005-4261-9ABD-BFA18A576C3B}.Ad-Hoc|iPhone.Deploy.0 = Release|x64
		{2E21FC39-6005-4261-9ABD-BFA18A576C3B}.Ad-Hoc|iPhoneSimulator.ActiveCfg = Release|x64
		{2E21FC39-6005-4261-9ABD-BFA18A576C3B}.Ad-Hoc|iPhoneSimulator.Build.0 = Release|x64
		{2E21FC39-6005-4261-9ABD-BFA18A576C3B}.Ad-Hoc|iPhoneSimulator.Deploy.0 = Release|x64
		{2E21FC39-6005-4261-9ABD-BFA18A576C3B}.Ad-Hoc|x64.ActiveCfg = Release|x64
		{2E21FC39-6005-4261-9ABD-BFA18A576C3B}.Ad-Hoc|x64.Build.0 = Release|x64
		{2E21FC39-6005-4261-9ABD-BFA18A576C3B}.Ad-Hoc|x64.Deploy.0 = Release|x64
		{2E21FC39-6005-4261-9ABD-BFA18A576C3B}.Ad-Hoc|x86.ActiveCfg = Release|x86
		{2E21FC39-6005-4261-9ABD-BFA18A576C3B}.Ad-Hoc|x86.Build.0 = Release|x86
		{2E21FC39-6005-4261-9ABD-BFA18A576C3B}.Ad-Hoc|x86.Deploy.0 = Release|x86
		{2E21FC39-6005-4261-9ABD-BFA18A576C3B}.AppStore|Any CPU.ActiveCfg = Release|x64
		{2E21FC39-6005-4261-9ABD-BFA18A576C3B}.AppStore|Any CPU.Build.0 = Release|x64
		{2E21FC39-6005-4261-9ABD-BFA18A576C3B}.AppStore|Any CPU.Deploy.0 = Release|x64
		{2E21FC39-6005-4261-9ABD-BFA18A576C3B}.AppStore|ARM.ActiveCfg = Release|ARM
		{2E21FC39-6005-4261-9ABD-BFA18A576C3B}.AppStore|ARM.Build.0 = Release|ARM
		{2E21FC39-6005-4261-9ABD-BFA18A576C3B}.AppStore|ARM.Deploy.0 = Release|ARM
		{2E21FC39-6005-4261-9ABD-BFA18A576C3B}.AppStore|iPhone.ActiveCfg = Release|x64
		{2E21FC39-6005-4261-9ABD-BFA18A576C3B}.AppStore|iPhone.Build.0 = Release|x64
		{2E21FC39-6005-4261-9ABD-BFA18A576C3B}.AppStore|iPhone.Deploy.0 = Release|x64
		{2E21FC39-6005-4261-9ABD-BFA18A576C3B}.AppStore|iPhoneSimulator.ActiveCfg = Release|x64
		{2E21FC39-6005-4261-9ABD-BFA18A576C3B}.AppStore|iPhoneSimulator.Build.0 = Release|x64
		{2E21FC39-6005-4261-9ABD-BFA18A576C3B}.AppStore|iPhoneSimulator.Deploy.0 = Release|x64
		{2E21FC39-6005-4261-9ABD-BFA18A576C3B}.AppStore|x64.ActiveCfg = Release|x64
		{2E21FC39-6005-4261-9ABD-BFA18A576C3B}.AppStore|x64.Build.0 = Release|x64
		{2E21FC39-6005-4261-9ABD-BFA18A576C3B}.AppStore|x64.Deploy.0 = Release|x64
		{2E21FC39-6005-4261-9ABD-BFA18A576C3B}.AppStore|x86.ActiveCfg = Release|x86
		{2E21FC39-6005-4261-9ABD-BFA18A576C3B}.AppStore|x86.Build.0 = Release|x86
		{2E21FC39-6005-4261-9ABD-BFA18A576C3B}.AppStore|x86.Deploy.0 = Release|x86
		{2E21FC39-6005-4261-9ABD-BFA18A576C3B}.Debug|Any CPU.ActiveCfg = Debug|x86
		{2E21FC39-6005-4261-9ABD-BFA18A576C3B}.Debug|ARM.ActiveCfg = Debug|ARM
		{2E21FC39-6005-4261-9ABD-BFA18A576C3B}.Debug|ARM.Build.0 = Debug|ARM
		{2E21FC39-6005-4261-9ABD-BFA18A576C3B}.Debug|ARM.Deploy.0 = Debug|ARM
		{2E21FC39-6005-4261-9ABD-BFA18A576C3B}.Debug|iPhone.ActiveCfg = Debug|x86
		{2E21FC39-6005-4261-9ABD-BFA18A576C3B}.Debug|iPhoneSimulator.ActiveCfg = Debug|x86
		{2E21FC39-6005-4261-9ABD-BFA18A576C3B}.Debug|x64.ActiveCfg = Debug|x64
		{2E21FC39-6005-4261-9ABD-BFA18A576C3B}.Debug|x64.Build.0 = Debug|x64
		{2E21FC39-6005-4261-9ABD-BFA18A576C3B}.Debug|x64.Deploy.0 = Debug|x64
		{2E21FC39-6005-4261-9ABD-BFA18A576C3B}.Debug|x86.ActiveCfg = Debug|x86
		{2E21FC39-6005-4261-9ABD-BFA18A576C3B}.Debug|x86.Build.0 = Debug|x86
		{2E21FC39-6005-4261-9ABD-BFA18A576C3B}.Debug|x86.Deploy.0 = Debug|x86
		{2E21FC39-6005-4261-9ABD-BFA18A576C3B}.Release|Any CPU.ActiveCfg = Release|x86
		{2E21FC39-6005-4261-9ABD-BFA18A576C3B}.Release|ARM.ActiveCfg = Release|ARM
		{2E21FC39-6005-4261-9ABD-BFA18A576C3B}.Release|ARM.Build.0 = Release|ARM
		{2E21FC39-6005-4261-9ABD-BFA18A576C3B}.Release|ARM.Deploy.0 = Release|ARM
		{2E21FC39-6005-4261-9ABD-BFA18A576C3B}.Release|iPhone.ActiveCfg = Release|x86
		{2E21FC39-6005-4261-9ABD-BFA18A576C3B}.Release|iPhoneSimulator.ActiveCfg = Release|x86
		{2E21FC39-6005-4261-9ABD-BFA18A576C3B}.Release|x64.ActiveCfg = Release|x64
		{2E21FC39-6005-4261-9ABD-BFA18A576C3B}.Release|x64.Build.0 = Release|x64
		{2E21FC39-6005-4261-9ABD-BFA18A576C3B}.Release|x64.Deploy.0 = Release|x64
		{2E21FC39-6005-4261-9ABD-BFA18A576C3B}.Release|x86.ActiveCfg = Release|x86
		{2E21FC39-6005-4261-9ABD-BFA18A576C3B}.Release|x86.Build.0 = Release|x86
		{2E21FC39-6005-4261-9ABD-BFA18A576C3B}.Release|x86.Deploy.0 = Release|x86
		{A98EAC90-C146-4281-9A94-A4F9849E519F}.Ad-Hoc|Any CPU.ActiveCfg = Release|Any CPU
		{A98EAC90-C146-4281-9A94-A4F9849E519F}.Ad-Hoc|Any CPU.Build.0 = Release|Any CPU
		{A98EAC90-C146-4281-9A94-A4F9849E519F}.Ad-Hoc|ARM.ActiveCfg = Release|Any CPU
		{A98EAC90-C146-4281-9A94-A4F9849E519F}.Ad-Hoc|ARM.Build.0 = Release|Any CPU
		{A98EAC90-C146-4281-9A94-A4F9849E519F}.Ad-Hoc|iPhone.ActiveCfg = Release|Any CPU
		{A98EAC90-C146-4281-9A94-A4F9849E519F}.Ad-Hoc|iPhone.Build.0 = Release|Any CPU
		{A98EAC90-C146-4281-9A94-A4F9849E519F}.Ad-Hoc|iPhoneSimulator.ActiveCfg = Release|Any CPU
		{A98EAC90-C146-4281-9A94-A4F9849E519F}.Ad-Hoc|iPhoneSimulator.Build.0 = Release|Any CPU
		{A98EAC90-C146-4281-9A94-A4F9849E519F}.Ad-Hoc|x64.ActiveCfg = Release|Any CPU
		{A98EAC90-C146-4281-9A94-A4F9849E519F}.Ad-Hoc|x64.Build.0 = Release|Any CPU
		{A98EAC90-C146-4281-9A94-A4F9849E519F}.Ad-Hoc|x86.ActiveCfg = Release|Any CPU
		{A98EAC90-C146-4281-9A94-A4F9849E519F}.Ad-Hoc|x86.Build.0 = Release|Any CPU
		{A98EAC90-C146-4281-9A94-A4F9849E519F}.AppStore|Any CPU.ActiveCfg = Release|Any CPU
		{A98EAC90-C146-4281-9A94-A4F9849E519F}.AppStore|Any CPU.Build.0 = Release|Any CPU
		{A98EAC90-C146-4281-9A94-A4F9849E519F}.AppStore|ARM.ActiveCfg = Release|Any CPU
		{A98EAC90-C146-4281-9A94-A4F9849E519F}.AppStore|ARM.Build.0 = Release|Any CPU
		{A98EAC90-C146-4281-9A94-A4F9849E519F}.AppStore|iPhone.ActiveCfg = Release|Any CPU
		{A98EAC90-C146-4281-9A94-A4F9849E519F}.AppStore|iPhone.Build.0 = Release|Any CPU
		{A98EAC90-C146-4281-9A94-A4F9849E519F}.AppStore|iPhoneSimulator.ActiveCfg = Release|Any CPU
		{A98EAC90-C146-4281-9A94-A4F9849E519F}.AppStore|iPhoneSimulator.Build.0 = Release|Any CPU
		{A98EAC90-C146-4281-9A94-A4F9849E519F}.AppStore|x64.ActiveCfg = Release|Any CPU
		{A98EAC90-C146-4281-9A94-A4F9849E519F}.AppStore|x64.Build.0 = Release|Any CPU
		{A98EAC90-C146-4281-9A94-A4F9849E519F}.AppStore|x86.ActiveCfg = Release|Any CPU
		{A98EAC90-C146-4281-9A94-A4F9849E519F}.AppStore|x86.Build.0 = Release|Any CPU
		{A98EAC90-C146-4281-9A94-A4F9849E519F}.Debug|Any CPU.ActiveCfg = Debug|Any CPU
		{A98EAC90-C146-4281-9A94-A4F9849E519F}.Debug|Any CPU.Build.0 = Debug|Any CPU
		{A98EAC90-C146-4281-9A94-A4F9849E519F}.Debug|ARM.ActiveCfg = Debug|Any CPU
		{A98EAC90-C146-4281-9A94-A4F9849E519F}.Debug|ARM.Build.0 = Debug|Any CPU
		{A98EAC90-C146-4281-9A94-A4F9849E519F}.Debug|iPhone.ActiveCfg = Debug|Any CPU
		{A98EAC90-C146-4281-9A94-A4F9849E519F}.Debug|iPhone.Build.0 = Debug|Any CPU
		{A98EAC90-C146-4281-9A94-A4F9849E519F}.Debug|iPhoneSimulator.ActiveCfg = Debug|Any CPU
		{A98EAC90-C146-4281-9A94-A4F9849E519F}.Debug|iPhoneSimulator.Build.0 = Debug|Any CPU
		{A98EAC90-C146-4281-9A94-A4F9849E519F}.Debug|x64.ActiveCfg = Debug|Any CPU
		{A98EAC90-C146-4281-9A94-A4F9849E519F}.Debug|x64.Build.0 = Debug|Any CPU
		{A98EAC90-C146-4281-9A94-A4F9849E519F}.Debug|x86.ActiveCfg = Debug|Any CPU
		{A98EAC90-C146-4281-9A94-A4F9849E519F}.Debug|x86.Build.0 = Debug|Any CPU
		{A98EAC90-C146-4281-9A94-A4F9849E519F}.Release|Any CPU.ActiveCfg = Release|Any CPU
		{A98EAC90-C146-4281-9A94-A4F9849E519F}.Release|Any CPU.Build.0 = Release|Any CPU
		{A98EAC90-C146-4281-9A94-A4F9849E519F}.Release|ARM.ActiveCfg = Release|Any CPU
		{A98EAC90-C146-4281-9A94-A4F9849E519F}.Release|ARM.Build.0 = Release|Any CPU
		{A98EAC90-C146-4281-9A94-A4F9849E519F}.Release|iPhone.ActiveCfg = Release|Any CPU
		{A98EAC90-C146-4281-9A94-A4F9849E519F}.Release|iPhone.Build.0 = Release|Any CPU
		{A98EAC90-C146-4281-9A94-A4F9849E519F}.Release|iPhoneSimulator.ActiveCfg = Release|Any CPU
		{A98EAC90-C146-4281-9A94-A4F9849E519F}.Release|iPhoneSimulator.Build.0 = Release|Any CPU
		{A98EAC90-C146-4281-9A94-A4F9849E519F}.Release|x64.ActiveCfg = Release|Any CPU
		{A98EAC90-C146-4281-9A94-A4F9849E519F}.Release|x64.Build.0 = Release|Any CPU
		{A98EAC90-C146-4281-9A94-A4F9849E519F}.Release|x86.ActiveCfg = Release|Any CPU
		{A98EAC90-C146-4281-9A94-A4F9849E519F}.Release|x86.Build.0 = Release|Any CPU
	EndGlobalSection
	GlobalSection(SolutionProperties) = preSolution
		HideSolutionNode = FALSE
	EndGlobalSection
EndGlobal
